
Microsoft Visual Studio Solution File, Format Version 12.00
# Visual Studio Version 16
VisualStudioVersion = 16.0.31321.278
MinimumVisualStudioVersion = 10.0.40219.1
Project("{FAE04EC0-301F-11D3-BF4B-00C04F79EFBC}") = "EFM 2012_13", "EFM 2012_13.csproj", "{BD7BB85F-34D8-47A4-9544-FD90890C5DE2}"
EndProject
Global
	GlobalSection(SolutionConfigurationPlatforms) = preSolution
		Debug|Any CPU = Debug|Any CPU
		Release|Any CPU = Release|Any CPU
	EndGlobalSection
	GlobalSection(ProjectConfigurationPlatforms) = postSolution
		{BD7BB85F-34D8-47A4-9544-FD90890C5DE2}.Debug|Any CPU.ActiveCfg = Debug|Any CPU
		{BD7BB85F-34D8-47A4-9544-FD90890C5DE2}.Debug|Any CPU.Build.0 = Debug|Any CPU
		{BD7BB85F-34D8-47A4-9544-FD90890C5DE2}.Release|Any CPU.ActiveCfg = Release|Any CPU
		{BD7BB85F-34D8-47A4-9544-FD90890C5DE2}.Release|Any CPU.Build.0 = Release|Any CPU
	EndGlobalSection
	GlobalSection(SolutionProperties) = preSolution
		HideSolutionNode = FALSE
	EndGlobalSection
	GlobalSection(ExtensibilityGlobals) = postSolution
		SolutionGuid = {5BA8F44D-200D-4F0D-A3E5-17A0E98C10AE}
	EndGlobalSection
EndGlobal
